
Microsoft Visual Studio Solution File, Format Version 12.00
# Visual Studio 15
VisualStudioVersion = 15.0.28010.2041
MinimumVisualStudioVersion = 10.0.40219.1
Project("{FAE04EC0-301F-11D3-BF4B-00C04F79EFBC}") = "Task2", "Task2\Task2.csproj", "{3FBFA3ED-D285-44E9-9C92-34636430688E}"
EndProject
Project("{FAE04EC0-301F-11D3-BF4B-00C04F79EFBC}") = "Task2.Tests", "Task2.Tests\Task2.Tests.csproj", "{FE1A7127-2B7A-43DA-BAB7-3BCEC9E48324}"
EndProject
Project("{FAE04EC0-301F-11D3-BF4B-00C04F79EFBC}") = "Task2.NUnitTests", "Task2.NUnitTests\Task2.NUnitTests.csproj", "{BDBF1D90-6AE5-4FBD-B758-BE782C66FBCC}"
EndProject
Project("{FAE04EC0-301F-11D3-BF4B-00C04F79EFBC}") = "Task1", "Task1\Task1.csproj", "{B3324532-C29D-4CCC-A28D-14F4739163D6}"
EndProject
Project("{FAE04EC0-301F-11D3-BF4B-00C04F79EFBC}") = "Task1.Tests", "Task1.Tests\Task1.Tests.csproj", "{9987EB68-CA0E-4977-A5FA-30A7DD913D17}"
EndProject
Project("{FAE04EC0-301F-11D3-BF4B-00C04F79EFBC}") = "Task1.NUnitTests", "Task1.NUnitTests\Task1.NUnitTests.csproj", "{B92842EF-E4A3-446A-B40F-5CD5529BA885}"
EndProject
Global
	GlobalSection(SolutionConfigurationPlatforms) = preSolution
		Debug|Any CPU = Debug|Any CPU
		Release|Any CPU = Release|Any CPU
	EndGlobalSection
	GlobalSection(ProjectConfigurationPlatforms) = postSolution
		{3FBFA3ED-D285-44E9-9C92-34636430688E}.Debug|Any CPU.ActiveCfg = Debug|Any CPU
		{3FBFA3ED-D285-44E9-9C92-34636430688E}.Debug|Any CPU.Build.0 = Debug|Any CPU
		{3FBFA3ED-D285-44E9-9C92-34636430688E}.Release|Any CPU.ActiveCfg = Release|Any CPU
		{3FBFA3ED-D285-44E9-9C92-34636430688E}.Release|Any CPU.Build.0 = Release|Any CPU
		{FE1A7127-2B7A-43DA-BAB7-3BCEC9E48324}.Debug|Any CPU.ActiveCfg = Debug|Any CPU
		{FE1A7127-2B7A-43DA-BAB7-3BCEC9E48324}.Debug|Any CPU.Build.0 = Debug|Any CPU
		{FE1A7127-2B7A-43DA-BAB7-3BCEC9E48324}.Release|Any CPU.ActiveCfg = Release|Any CPU
		{FE1A7127-2B7A-43DA-BAB7-3BCEC9E48324}.Release|Any CPU.Build.0 = Release|Any CPU
		{BDBF1D90-6AE5-4FBD-B758-BE782C66FBCC}.Debug|Any CPU.ActiveCfg = Debug|Any CPU
		{BDBF1D90-6AE5-4FBD-B758-BE782C66FBCC}.Debug|Any CPU.Build.0 = Debug|Any CPU
		{BDBF1D90-6AE5-4FBD-B758-BE782C66FBCC}.Release|Any CPU.ActiveCfg = Release|Any CPU
		{BDBF1D90-6AE5-4FBD-B758-BE782C66FBCC}.Release|Any CPU.Build.0 = Release|Any CPU
		{B3324532-C29D-4CCC-A28D-14F4739163D6}.Debug|Any CPU.ActiveCfg = Debug|Any CPU
		{B3324532-C29D-4CCC-A28D-14F4739163D6}.Debug|Any CPU.Build.0 = Debug|Any CPU
		{B3324532-C29D-4CCC-A28D-14F4739163D6}.Release|Any CPU.ActiveCfg = Release|Any CPU
		{B3324532-C29D-4CCC-A28D-14F4739163D6}.Release|Any CPU.Build.0 = Release|Any CPU
		{9987EB68-CA0E-4977-A5FA-30A7DD913D17}.Debug|Any CPU.ActiveCfg = Debug|Any CPU
		{9987EB68-CA0E-4977-A5FA-30A7DD913D17}.Debug|Any CPU.Build.0 = Debug|Any CPU
		{9987EB68-CA0E-4977-A5FA-30A7DD913D17}.Release|Any CPU.ActiveCfg = Release|Any CPU
		{9987EB68-CA0E-4977-A5FA-30A7DD913D17}.Release|Any CPU.Build.0 = Release|Any CPU
		{B92842EF-E4A3-446A-B40F-5CD5529BA885}.Debug|Any CPU.ActiveCfg = Debug|Any CPU
		{B92842EF-E4A3-446A-B40F-5CD5529BA885}.Debug|Any CPU.Build.0 = Debug|Any CPU
		{B92842EF-E4A3-446A-B40F-5CD5529BA885}.Release|Any CPU.ActiveCfg = Release|Any CPU
		{B92842EF-E4A3-446A-B40F-5CD5529BA885}.Release|Any CPU.Build.0 = Release|Any CPU
	EndGlobalSection
	GlobalSection(SolutionProperties) = preSolution
		HideSolutionNode = FALSE
	EndGlobalSection
	GlobalSection(ExtensibilityGlobals) = postSolution
		SolutionGuid = {2FB4A315-BCE0-4BDF-8890-1C9716AFAC0C}
	EndGlobalSection
EndGlobal
